
Microsoft Visual Studio Solution File, Format Version 12.00
# Visual Studio Version 17
VisualStudioVersion = 17.8.34511.84
MinimumVisualStudioVersion = 10.0.40219.1
Project("{9A19103F-16F7-4668-BE54-9A1E7A4F7556}") = "XOPT1", "WpfApp1\XOPT1.csproj", "{EA0678AD-A42D-4721-BAC2-4518FC278220}"
EndProject
Global
	GlobalSection(SolutionConfigurationPlatforms) = preSolution
		Debug|Any CPU = Debug|Any CPU
		Release|Any CPU = Release|Any CPU
	EndGlobalSection
	GlobalSection(ProjectConfigurationPlatforms) = postSolution
		{EA0678AD-A42D-4721-BAC2-4518FC278220}.Debug|Any CPU.ActiveCfg = Debug|Any CPU
		{EA0678AD-A42D-4721-BAC2-4518FC278220}.Debug|Any CPU.Build.0 = Debug|Any CPU
		{EA0678AD-A42D-4721-BAC2-4518FC278220}.Release|Any CPU.ActiveCfg = Release|Any CPU
		{EA0678AD-A42D-4721-BAC2-4518FC278220}.Release|Any CPU.Build.0 = Release|Any CPU
	EndGlobalSection
	GlobalSection(SolutionProperties) = preSolution
		HideSolutionNode = FALSE
	EndGlobalSection
	GlobalSection(ExtensibilityGlobals) = postSolution
		SolutionGuid = {04DC3194-0656-4E9A-895A-28E4A7FF8A36}
	EndGlobalSection
EndGlobal
